{
  "name": "speedtest",
  "version": "1.0.0",
  "lockfileVersion": 1,
  "requires": true,
  "dependencies": {
    "fast-speedtest-api": {
      "version": "0.3.2",
      "resolved": "https://registry.npmjs.org/fast-speedtest-api/-/fast-speedtest-api-0.3.2.tgz",
      "integrity": "sha512-QEfo3wytVo3x/ds4grti1nJUGZhmgdX9OpQbkXc6levJamjUFenb1SdbiVYhrTx27pvOAHSJOAXMu62K0dIEDQ=="
    },
    "http": {
      "version": "0.0.1-security",
      "resolved": "https://registry.npmjs.org/http/-/http-0.0.1-security.tgz",
      "integrity": "sha512-RnDvP10Ty9FxqOtPZuxtebw1j4L/WiqNMDtuc1YMH1XQm5TgDRaR1G9u8upL6KD1bXHSp9eSXo/ED+8Q7FAr+g=="
    }
  }
}
